
Microsoft Visual Studio Solution File, Format Version 12.00
Project("{2150E333-8FDC-42A3-9474-1A3956D46DE8}") = "BookiongService", "BookiongService", "{D4D21F92-386E-4597-B4E8-008CF882D608}"
EndProject
Project("{2150E333-8FDC-42A3-9474-1A3956D46DE8}") = "PaymentService", "PaymentService", "{082EA9E0-CD2E-4CD4-8908-0741D770633C}"
EndProject
Project("{2150E333-8FDC-42A3-9474-1A3956D46DE8}") = "Adapters", "Adapters", "{EB05220F-0538-441D-B11A-F9ACE96F1DB8}"
EndProject
Project("{2150E333-8FDC-42A3-9474-1A3956D46DE8}") = "Consumers", "Consumers", "{387510E5-F17C-4606-A2B2-1BB3B4326320}"
EndProject
Project("{2150E333-8FDC-42A3-9474-1A3956D46DE8}") = "Core", "Core", "{16B187BD-3D87-48E9-8F44-FBCDA8CEB80D}"
EndProject
Project("{2150E333-8FDC-42A3-9474-1A3956D46DE8}") = "Tests", "Tests", "{A128E093-008E-4BFF-98D7-BE67A03315D0}"
EndProject
Project("{FAE04EC0-301F-11D3-BF4B-00C04F79EFBC}") = "Data", "BookingService\Adapters\Data\Data.csproj", "{C496468C-A8E2-41E5-9B2D-0FADDE954C0B}"
EndProject
Project("{2150E333-8FDC-42A3-9474-1A3956D46DE8}") = "Application", "Application", "{D194EB0A-FD63-4C78-895F-35714D96A335}"
EndProject
Project("{2150E333-8FDC-42A3-9474-1A3956D46DE8}") = "Domain", "Domain", "{C9A22F81-AF9F-44F5-8A12-1B6ED74884D5}"
EndProject
Project("{FAE04EC0-301F-11D3-BF4B-00C04F79EFBC}") = "API", "BookingService\Consumers\API\API.csproj", "{9DCB1B45-C027-4D20-8122-55AF9679DD18}"
EndProject
Project("{FAE04EC0-301F-11D3-BF4B-00C04F79EFBC}") = "Application", "BookingService\Core\Application\Application.csproj", "{C80EBB6F-F122-4F28-90F5-B44CFCCB3A20}"
EndProject
Project("{FAE04EC0-301F-11D3-BF4B-00C04F79EFBC}") = "Domain", "BookingService\Core\Domain\Domain.csproj", "{DD3F971D-3A59-4B38-B5AA-E263C55A1C21}"
EndProject
Project("{2150E333-8FDC-42A3-9474-1A3956D46DE8}") = "Adapters", "Adapters", "{0986743A-DADC-414F-86A8-6559DB37059B}"
EndProject
Project("{2150E333-8FDC-42A3-9474-1A3956D46DE8}") = "Application", "Application", "{7BD9870C-EF93-492C-955E-D37C183B549E}"
EndProject
Project("{2150E333-8FDC-42A3-9474-1A3956D46DE8}") = "Domain", "Domain", "{7A226AA8-F19D-4EA4-BF3F-BA9B7EEB144A}"
EndProject
Project("{FAE04EC0-301F-11D3-BF4B-00C04F79EFBC}") = "ApplicationTests", "BookingService\Tests\Application\ApplicationTests\ApplicationTests.csproj", "{9D165292-11A7-4BE2-B505-054FE4D1C5D7}"
EndProject
Project("{FAE04EC0-301F-11D3-BF4B-00C04F79EFBC}") = "DomainTests", "BookingService\Tests\Domain\DomainTests\DomainTests.csproj", "{36E9E490-A64E-43FF-8BD4-330260246569}"
EndProject
Project("{FAE04EC0-301F-11D3-BF4B-00C04F79EFBC}") = "AdaptersTests", "BookingService\Tests\Adapters\AdaptersTests\AdaptersTests.csproj", "{ABE721D6-2197-4B2B-B68B-1D6309C1AD93}"
EndProject
Global
	GlobalSection(SolutionConfigurationPlatforms) = preSolution
		Debug|Any CPU = Debug|Any CPU
		Release|Any CPU = Release|Any CPU
	EndGlobalSection
	GlobalSection(NestedProjects) = preSolution
		{EB05220F-0538-441D-B11A-F9ACE96F1DB8} = {D4D21F92-386E-4597-B4E8-008CF882D608}
		{387510E5-F17C-4606-A2B2-1BB3B4326320} = {D4D21F92-386E-4597-B4E8-008CF882D608}
		{16B187BD-3D87-48E9-8F44-FBCDA8CEB80D} = {D4D21F92-386E-4597-B4E8-008CF882D608}
		{A128E093-008E-4BFF-98D7-BE67A03315D0} = {D4D21F92-386E-4597-B4E8-008CF882D608}
		{C496468C-A8E2-41E5-9B2D-0FADDE954C0B} = {EB05220F-0538-441D-B11A-F9ACE96F1DB8}
		{D194EB0A-FD63-4C78-895F-35714D96A335} = {16B187BD-3D87-48E9-8F44-FBCDA8CEB80D}
		{C9A22F81-AF9F-44F5-8A12-1B6ED74884D5} = {16B187BD-3D87-48E9-8F44-FBCDA8CEB80D}
		{9DCB1B45-C027-4D20-8122-55AF9679DD18} = {387510E5-F17C-4606-A2B2-1BB3B4326320}
		{C80EBB6F-F122-4F28-90F5-B44CFCCB3A20} = {D194EB0A-FD63-4C78-895F-35714D96A335}
		{DD3F971D-3A59-4B38-B5AA-E263C55A1C21} = {C9A22F81-AF9F-44F5-8A12-1B6ED74884D5}
		{0986743A-DADC-414F-86A8-6559DB37059B} = {A128E093-008E-4BFF-98D7-BE67A03315D0}
		{7BD9870C-EF93-492C-955E-D37C183B549E} = {A128E093-008E-4BFF-98D7-BE67A03315D0}
		{7A226AA8-F19D-4EA4-BF3F-BA9B7EEB144A} = {A128E093-008E-4BFF-98D7-BE67A03315D0}
		{9D165292-11A7-4BE2-B505-054FE4D1C5D7} = {7BD9870C-EF93-492C-955E-D37C183B549E}
		{36E9E490-A64E-43FF-8BD4-330260246569} = {7A226AA8-F19D-4EA4-BF3F-BA9B7EEB144A}
		{ABE721D6-2197-4B2B-B68B-1D6309C1AD93} = {0986743A-DADC-414F-86A8-6559DB37059B}
	EndGlobalSection
	GlobalSection(ProjectConfigurationPlatforms) = postSolution
		{C496468C-A8E2-41E5-9B2D-0FADDE954C0B}.Debug|Any CPU.ActiveCfg = Debug|Any CPU
		{C496468C-A8E2-41E5-9B2D-0FADDE954C0B}.Debug|Any CPU.Build.0 = Debug|Any CPU
		{C496468C-A8E2-41E5-9B2D-0FADDE954C0B}.Release|Any CPU.ActiveCfg = Release|Any CPU
		{C496468C-A8E2-41E5-9B2D-0FADDE954C0B}.Release|Any CPU.Build.0 = Release|Any CPU
		{9DCB1B45-C027-4D20-8122-55AF9679DD18}.Debug|Any CPU.ActiveCfg = Debug|Any CPU
		{9DCB1B45-C027-4D20-8122-55AF9679DD18}.Debug|Any CPU.Build.0 = Debug|Any CPU
		{9DCB1B45-C027-4D20-8122-55AF9679DD18}.Release|Any CPU.ActiveCfg = Release|Any CPU
		{9DCB1B45-C027-4D20-8122-55AF9679DD18}.Release|Any CPU.Build.0 = Release|Any CPU
		{C80EBB6F-F122-4F28-90F5-B44CFCCB3A20}.Debug|Any CPU.ActiveCfg = Debug|Any CPU
		{C80EBB6F-F122-4F28-90F5-B44CFCCB3A20}.Debug|Any CPU.Build.0 = Debug|Any CPU
		{C80EBB6F-F122-4F28-90F5-B44CFCCB3A20}.Release|Any CPU.ActiveCfg = Release|Any CPU
		{C80EBB6F-F122-4F28-90F5-B44CFCCB3A20}.Release|Any CPU.Build.0 = Release|Any CPU
		{DD3F971D-3A59-4B38-B5AA-E263C55A1C21}.Debug|Any CPU.ActiveCfg = Debug|Any CPU
		{DD3F971D-3A59-4B38-B5AA-E263C55A1C21}.Debug|Any CPU.Build.0 = Debug|Any CPU
		{DD3F971D-3A59-4B38-B5AA-E263C55A1C21}.Release|Any CPU.ActiveCfg = Release|Any CPU
		{DD3F971D-3A59-4B38-B5AA-E263C55A1C21}.Release|Any CPU.Build.0 = Release|Any CPU
		{9D165292-11A7-4BE2-B505-054FE4D1C5D7}.Debug|Any CPU.ActiveCfg = Debug|Any CPU
		{9D165292-11A7-4BE2-B505-054FE4D1C5D7}.Debug|Any CPU.Build.0 = Debug|Any CPU
		{9D165292-11A7-4BE2-B505-054FE4D1C5D7}.Release|Any CPU.ActiveCfg = Release|Any CPU
		{9D165292-11A7-4BE2-B505-054FE4D1C5D7}.Release|Any CPU.Build.0 = Release|Any CPU
		{36E9E490-A64E-43FF-8BD4-330260246569}.Debug|Any CPU.ActiveCfg = Debug|Any CPU
		{36E9E490-A64E-43FF-8BD4-330260246569}.Debug|Any CPU.Build.0 = Debug|Any CPU
		{36E9E490-A64E-43FF-8BD4-330260246569}.Release|Any CPU.ActiveCfg = Release|Any CPU
		{36E9E490-A64E-43FF-8BD4-330260246569}.Release|Any CPU.Build.0 = Release|Any CPU
		{ABE721D6-2197-4B2B-B68B-1D6309C1AD93}.Debug|Any CPU.ActiveCfg = Debug|Any CPU
		{ABE721D6-2197-4B2B-B68B-1D6309C1AD93}.Debug|Any CPU.Build.0 = Debug|Any CPU
		{ABE721D6-2197-4B2B-B68B-1D6309C1AD93}.Release|Any CPU.ActiveCfg = Release|Any CPU
		{ABE721D6-2197-4B2B-B68B-1D6309C1AD93}.Release|Any CPU.Build.0 = Release|Any CPU
	EndGlobalSection
EndGlobal
